
Microsoft Visual Studio Solution File, Format Version 12.00
# Visual Studio 2013
VisualStudioVersion = 12.0.31101.0
MinimumVisualStudioVersion = 10.0.40219.1
Project("{2150E333-8FDC-42A3-9474-1A3956D46DE8}") = "学习文档", "学习文档", "{ECC68EF2-F467-4154-87FF-9C991FC7EABD}"
	ProjectSection(SolutionItems) = preProject
		学习文档\000_MVC常用约定.docx = 学习文档\000_MVC常用约定.docx
		学习文档\001_初识ASP.NET MVC架构.docx = 学习文档\001_初识ASP.NET MVC架构.docx
		学习文档\002_Razor简介（MyRazorEG）.docx = 学习文档\002_Razor简介（MyRazorEG）.docx
		学习文档\003_MVC基本工具 .docx = 学习文档\003_MVC基本工具 .docx
		学习文档\004_ URL 路由.docx = 学习文档\004_ URL 路由.docx
		学习文档\005_控制器和动作.docx = 学习文档\005_控制器和动作.docx
		学习文档\006_过滤器.docx = 学习文档\006_过滤器.docx
		学习文档\007_控制器可扩展性.docx = 学习文档\007_控制器可扩展性.docx
		学习文档\008_视图.docx = 学习文档\008_视图.docx
		学习文档\009_辅助器方法.docx = 学习文档\009_辅助器方法.docx
		学习文档\010_模板辅助器方法.docx = 学习文档\010_模板辅助器方法.docx
		学习文档\011_URL和Ajax辅助器方法.docx = 学习文档\011_URL和Ajax辅助器方法.docx
		学习文档\012_模型绑定.docx = 学习文档\012_模型绑定.docx
		学习文档\013_模型验证.docx = 学习文档\013_模型验证.docx
	EndProjectSection
EndProject
Project("{2150E333-8FDC-42A3-9474-1A3956D46DE8}") = "Projects", "Projects", "{3A8FC75A-881E-4CC6-AEFE-B1BF7B820652}"
EndProject
Project("{FAE04EC0-301F-11D3-BF4B-00C04F79EFBC}") = "PartyInvites", "PartyInvites\PartyInvites.csproj", "{D7B5C3F6-3666-4BF1-A986-7B3841BACAF0}"
EndProject
Project("{FAE04EC0-301F-11D3-BF4B-00C04F79EFBC}") = "MyRazorEG", "MyRazorEG\MyRazorEG.csproj", "{2F138D85-E366-4456-B174-DF108ADDD69A}"
EndProject
Project("{FAE04EC0-301F-11D3-BF4B-00C04F79EFBC}") = "EssentialTools", "EssentialTools\EssentialTools.csproj", "{EA6DD550-D5A4-4460-938B-91D30DE84C28}"
EndProject
Project("{FAE04EC0-301F-11D3-BF4B-00C04F79EFBC}") = "EssentialTools.Tests", "EssentialTools.Tests\EssentialTools.Tests.csproj", "{EBCAE636-F86D-4022-9EC4-368F49FB91C2}"
EndProject
Project("{FAE04EC0-301F-11D3-BF4B-00C04F79EFBC}") = "SportsStore.Domain", "SportsStore.Domain\SportsStore.Domain.csproj", "{D6D55F15-2478-4BD0-A37C-09433BFD1FC0}"
EndProject
Project("{FAE04EC0-301F-11D3-BF4B-00C04F79EFBC}") = "SportsStore.WebUI", "SportsStore.WebUI\SportsStore.WebUI.csproj", "{0E1419F0-B041-459B-B590-1F0E12472E6F}"
EndProject
Project("{FAE04EC0-301F-11D3-BF4B-00C04F79EFBC}") = "SportsStore.UnitTests", "SportsStore.UnitTests\SportsStore.UnitTests.csproj", "{A52C0F0B-5F07-4D21-AAD3-2461B80FCE39}"
EndProject
Project("{FAE04EC0-301F-11D3-BF4B-00C04F79EFBC}") = "UrlsAndRoutes", "UrlsAndRoutes\UrlsAndRoutes.csproj", "{05F2F07C-F140-48B9-8150-6F819C37C6E3}"
EndProject
Project("{FAE04EC0-301F-11D3-BF4B-00C04F79EFBC}") = "UrlsAndRoutes.Tests", "UrlsAndRoutes.Tests\UrlsAndRoutes.Tests.csproj", "{1DEBC694-1A16-41E4-B83C-772AE4E2A213}"
EndProject
Project("{FAE04EC0-301F-11D3-BF4B-00C04F79EFBC}") = "ControllersAndActions", "ControllersAndActions\ControllersAndActions.csproj", "{0AE12DE4-1E4E-42CC-942B-B7637345C809}"
EndProject
Project("{FAE04EC0-301F-11D3-BF4B-00C04F79EFBC}") = "ControllersAndActions.Tests", "ControllersAndActions.Tests\ControllersAndActions.Tests.csproj", "{89003CE9-E6F8-4DEB-A93F-7649C0BD89DC}"
EndProject
Project("{FAE04EC0-301F-11D3-BF4B-00C04F79EFBC}") = "Filters", "Filters\Filters.csproj", "{196FEC2C-E895-463C-85F0-6D1D80E67033}"
EndProject
Project("{FAE04EC0-301F-11D3-BF4B-00C04F79EFBC}") = "Filters.Tests", "Filters.Tests\Filters.Tests.csproj", "{C4E7B5C6-5DBC-4109-9FC4-1C02A29A400A}"
EndProject
Project("{FAE04EC0-301F-11D3-BF4B-00C04F79EFBC}") = "ControllerExtensibility", "ControllerExtensibility\ControllerExtensibility.csproj", "{2664D030-C564-4DD6-8743-7C81ADF72EFA}"
EndProject
Project("{FAE04EC0-301F-11D3-BF4B-00C04F79EFBC}") = "Views", "Views\Views.csproj", "{C027C357-EFB2-404B-8898-D21D5EBFB2AB}"
EndProject
Project("{FAE04EC0-301F-11D3-BF4B-00C04F79EFBC}") = "WorkingWithRazor", "WorkingWithRazor\WorkingWithRazor.csproj", "{2E1D0C38-043A-49D2-9D9A-95ADA817E9D6}"
EndProject
Project("{FAE04EC0-301F-11D3-BF4B-00C04F79EFBC}") = "HelperMethods", "HelperMethods\HelperMethods.csproj", "{AFF7D55D-2354-4357-AFDA-6169DD131525}"
EndProject
Project("{FAE04EC0-301F-11D3-BF4B-00C04F79EFBC}") = "MvcModels", "MvcModels\MvcModels.csproj", "{B97F168E-8978-48A4-A9A9-2DC0086F6F40}"
EndProject
Project("{FAE04EC0-301F-11D3-BF4B-00C04F79EFBC}") = "ModelValidation", "ModelValidation\ModelValidation.csproj", "{1BF2AEE0-8D73-4363-B483-64A8F6CD6ABE}"
EndProject
Global
	GlobalSection(SolutionConfigurationPlatforms) = preSolution
		Debug|Any CPU = Debug|Any CPU
		Release|Any CPU = Release|Any CPU
	EndGlobalSection
	GlobalSection(ProjectConfigurationPlatforms) = postSolution
		{D7B5C3F6-3666-4BF1-A986-7B3841BACAF0}.Debug|Any CPU.ActiveCfg = Debug|Any CPU
		{D7B5C3F6-3666-4BF1-A986-7B3841BACAF0}.Debug|Any CPU.Build.0 = Debug|Any CPU
		{D7B5C3F6-3666-4BF1-A986-7B3841BACAF0}.Release|Any CPU.ActiveCfg = Release|Any CPU
		{D7B5C3F6-3666-4BF1-A986-7B3841BACAF0}.Release|Any CPU.Build.0 = Release|Any CPU
		{2F138D85-E366-4456-B174-DF108ADDD69A}.Debug|Any CPU.ActiveCfg = Debug|Any CPU
		{2F138D85-E366-4456-B174-DF108ADDD69A}.Debug|Any CPU.Build.0 = Debug|Any CPU
		{2F138D85-E366-4456-B174-DF108ADDD69A}.Release|Any CPU.ActiveCfg = Release|Any CPU
		{2F138D85-E366-4456-B174-DF108ADDD69A}.Release|Any CPU.Build.0 = Release|Any CPU
		{EA6DD550-D5A4-4460-938B-91D30DE84C28}.Debug|Any CPU.ActiveCfg = Debug|Any CPU
		{EA6DD550-D5A4-4460-938B-91D30DE84C28}.Debug|Any CPU.Build.0 = Debug|Any CPU
		{EA6DD550-D5A4-4460-938B-91D30DE84C28}.Release|Any CPU.ActiveCfg = Release|Any CPU
		{EA6DD550-D5A4-4460-938B-91D30DE84C28}.Release|Any CPU.Build.0 = Release|Any CPU
		{EBCAE636-F86D-4022-9EC4-368F49FB91C2}.Debug|Any CPU.ActiveCfg = Debug|Any CPU
		{EBCAE636-F86D-4022-9EC4-368F49FB91C2}.Debug|Any CPU.Build.0 = Debug|Any CPU
		{EBCAE636-F86D-4022-9EC4-368F49FB91C2}.Release|Any CPU.ActiveCfg = Release|Any CPU
		{EBCAE636-F86D-4022-9EC4-368F49FB91C2}.Release|Any CPU.Build.0 = Release|Any CPU
		{D6D55F15-2478-4BD0-A37C-09433BFD1FC0}.Debug|Any CPU.ActiveCfg = Debug|Any CPU
		{D6D55F15-2478-4BD0-A37C-09433BFD1FC0}.Debug|Any CPU.Build.0 = Debug|Any CPU
		{D6D55F15-2478-4BD0-A37C-09433BFD1FC0}.Release|Any CPU.ActiveCfg = Release|Any CPU
		{D6D55F15-2478-4BD0-A37C-09433BFD1FC0}.Release|Any CPU.Build.0 = Release|Any CPU
		{0E1419F0-B041-459B-B590-1F0E12472E6F}.Debug|Any CPU.ActiveCfg = Debug|Any CPU
		{0E1419F0-B041-459B-B590-1F0E12472E6F}.Debug|Any CPU.Build.0 = Debug|Any CPU
		{0E1419F0-B041-459B-B590-1F0E12472E6F}.Release|Any CPU.ActiveCfg = Release|Any CPU
		{0E1419F0-B041-459B-B590-1F0E12472E6F}.Release|Any CPU.Build.0 = Release|Any CPU
		{A52C0F0B-5F07-4D21-AAD3-2461B80FCE39}.Debug|Any CPU.ActiveCfg = Debug|Any CPU
		{A52C0F0B-5F07-4D21-AAD3-2461B80FCE39}.Debug|Any CPU.Build.0 = Debug|Any CPU
		{A52C0F0B-5F07-4D21-AAD3-2461B80FCE39}.Release|Any CPU.ActiveCfg = Release|Any CPU
		{A52C0F0B-5F07-4D21-AAD3-2461B80FCE39}.Release|Any CPU.Build.0 = Release|Any CPU
		{05F2F07C-F140-48B9-8150-6F819C37C6E3}.Debug|Any CPU.ActiveCfg = Debug|Any CPU
		{05F2F07C-F140-48B9-8150-6F819C37C6E3}.Debug|Any CPU.Build.0 = Debug|Any CPU
		{05F2F07C-F140-48B9-8150-6F819C37C6E3}.Release|Any CPU.ActiveCfg = Release|Any CPU
		{05F2F07C-F140-48B9-8150-6F819C37C6E3}.Release|Any CPU.Build.0 = Release|Any CPU
		{1DEBC694-1A16-41E4-B83C-772AE4E2A213}.Debug|Any CPU.ActiveCfg = Debug|Any CPU
		{1DEBC694-1A16-41E4-B83C-772AE4E2A213}.Debug|Any CPU.Build.0 = Debug|Any CPU
		{1DEBC694-1A16-41E4-B83C-772AE4E2A213}.Release|Any CPU.ActiveCfg = Release|Any CPU
		{1DEBC694-1A16-41E4-B83C-772AE4E2A213}.Release|Any CPU.Build.0 = Release|Any CPU
		{0AE12DE4-1E4E-42CC-942B-B7637345C809}.Debug|Any CPU.ActiveCfg = Debug|Any CPU
		{0AE12DE4-1E4E-42CC-942B-B7637345C809}.Debug|Any CPU.Build.0 = Debug|Any CPU
		{0AE12DE4-1E4E-42CC-942B-B7637345C809}.Release|Any CPU.ActiveCfg = Release|Any CPU
		{0AE12DE4-1E4E-42CC-942B-B7637345C809}.Release|Any CPU.Build.0 = Release|Any CPU
		{89003CE9-E6F8-4DEB-A93F-7649C0BD89DC}.Debug|Any CPU.ActiveCfg = Debug|Any CPU
		{89003CE9-E6F8-4DEB-A93F-7649C0BD89DC}.Debug|Any CPU.Build.0 = Debug|Any CPU
		{89003CE9-E6F8-4DEB-A93F-7649C0BD89DC}.Release|Any CPU.ActiveCfg = Release|Any CPU
		{89003CE9-E6F8-4DEB-A93F-7649C0BD89DC}.Release|Any CPU.Build.0 = Release|Any CPU
		{196FEC2C-E895-463C-85F0-6D1D80E67033}.Debug|Any CPU.ActiveCfg = Debug|Any CPU
		{196FEC2C-E895-463C-85F0-6D1D80E67033}.Debug|Any CPU.Build.0 = Debug|Any CPU
		{196FEC2C-E895-463C-85F0-6D1D80E67033}.Release|Any CPU.ActiveCfg = Release|Any CPU
		{196FEC2C-E895-463C-85F0-6D1D80E67033}.Release|Any CPU.Build.0 = Release|Any CPU
		{C4E7B5C6-5DBC-4109-9FC4-1C02A29A400A}.Debug|Any CPU.ActiveCfg = Debug|Any CPU
		{C4E7B5C6-5DBC-4109-9FC4-1C02A29A400A}.Debug|Any CPU.Build.0 = Debug|Any CPU
		{C4E7B5C6-5DBC-4109-9FC4-1C02A29A400A}.Release|Any CPU.ActiveCfg = Release|Any CPU
		{C4E7B5C6-5DBC-4109-9FC4-1C02A29A400A}.Release|Any CPU.Build.0 = Release|Any CPU
		{2664D030-C564-4DD6-8743-7C81ADF72EFA}.Debug|Any CPU.ActiveCfg = Debug|Any CPU
		{2664D030-C564-4DD6-8743-7C81ADF72EFA}.Debug|Any CPU.Build.0 = Debug|Any CPU
		{2664D030-C564-4DD6-8743-7C81ADF72EFA}.Release|Any CPU.ActiveCfg = Release|Any CPU
		{2664D030-C564-4DD6-8743-7C81ADF72EFA}.Release|Any CPU.Build.0 = Release|Any CPU
		{C027C357-EFB2-404B-8898-D21D5EBFB2AB}.Debug|Any CPU.ActiveCfg = Debug|Any CPU
		{C027C357-EFB2-404B-8898-D21D5EBFB2AB}.Debug|Any CPU.Build.0 = Debug|Any CPU
		{C027C357-EFB2-404B-8898-D21D5EBFB2AB}.Release|Any CPU.ActiveCfg = Release|Any CPU
		{C027C357-EFB2-404B-8898-D21D5EBFB2AB}.Release|Any CPU.Build.0 = Release|Any CPU
		{2E1D0C38-043A-49D2-9D9A-95ADA817E9D6}.Debug|Any CPU.ActiveCfg = Debug|Any CPU
		{2E1D0C38-043A-49D2-9D9A-95ADA817E9D6}.Debug|Any CPU.Build.0 = Debug|Any CPU
		{2E1D0C38-043A-49D2-9D9A-95ADA817E9D6}.Release|Any CPU.ActiveCfg = Release|Any CPU
		{2E1D0C38-043A-49D2-9D9A-95ADA817E9D6}.Release|Any CPU.Build.0 = Release|Any CPU
		{AFF7D55D-2354-4357-AFDA-6169DD131525}.Debug|Any CPU.ActiveCfg = Debug|Any CPU
		{AFF7D55D-2354-4357-AFDA-6169DD131525}.Debug|Any CPU.Build.0 = Debug|Any CPU
		{AFF7D55D-2354-4357-AFDA-6169DD131525}.Release|Any CPU.ActiveCfg = Release|Any CPU
		{AFF7D55D-2354-4357-AFDA-6169DD131525}.Release|Any CPU.Build.0 = Release|Any CPU
		{B97F168E-8978-48A4-A9A9-2DC0086F6F40}.Debug|Any CPU.ActiveCfg = Debug|Any CPU
		{B97F168E-8978-48A4-A9A9-2DC0086F6F40}.Debug|Any CPU.Build.0 = Debug|Any CPU
		{B97F168E-8978-48A4-A9A9-2DC0086F6F40}.Release|Any CPU.ActiveCfg = Release|Any CPU
		{B97F168E-8978-48A4-A9A9-2DC0086F6F40}.Release|Any CPU.Build.0 = Release|Any CPU
		{1BF2AEE0-8D73-4363-B483-64A8F6CD6ABE}.Debug|Any CPU.ActiveCfg = Debug|Any CPU
		{1BF2AEE0-8D73-4363-B483-64A8F6CD6ABE}.Debug|Any CPU.Build.0 = Debug|Any CPU
		{1BF2AEE0-8D73-4363-B483-64A8F6CD6ABE}.Release|Any CPU.ActiveCfg = Release|Any CPU
		{1BF2AEE0-8D73-4363-B483-64A8F6CD6ABE}.Release|Any CPU.Build.0 = Release|Any CPU
	EndGlobalSection
	GlobalSection(SolutionProperties) = preSolution
		HideSolutionNode = FALSE
	EndGlobalSection
	GlobalSection(NestedProjects) = preSolution
		{D7B5C3F6-3666-4BF1-A986-7B3841BACAF0} = {3A8FC75A-881E-4CC6-AEFE-B1BF7B820652}
		{2F138D85-E366-4456-B174-DF108ADDD69A} = {3A8FC75A-881E-4CC6-AEFE-B1BF7B820652}
		{EA6DD550-D5A4-4460-938B-91D30DE84C28} = {3A8FC75A-881E-4CC6-AEFE-B1BF7B820652}
		{EBCAE636-F86D-4022-9EC4-368F49FB91C2} = {3A8FC75A-881E-4CC6-AEFE-B1BF7B820652}
		{D6D55F15-2478-4BD0-A37C-09433BFD1FC0} = {3A8FC75A-881E-4CC6-AEFE-B1BF7B820652}
		{0E1419F0-B041-459B-B590-1F0E12472E6F} = {3A8FC75A-881E-4CC6-AEFE-B1BF7B820652}
		{A52C0F0B-5F07-4D21-AAD3-2461B80FCE39} = {3A8FC75A-881E-4CC6-AEFE-B1BF7B820652}
		{05F2F07C-F140-48B9-8150-6F819C37C6E3} = {3A8FC75A-881E-4CC6-AEFE-B1BF7B820652}
		{1DEBC694-1A16-41E4-B83C-772AE4E2A213} = {3A8FC75A-881E-4CC6-AEFE-B1BF7B820652}
		{0AE12DE4-1E4E-42CC-942B-B7637345C809} = {3A8FC75A-881E-4CC6-AEFE-B1BF7B820652}
		{89003CE9-E6F8-4DEB-A93F-7649C0BD89DC} = {3A8FC75A-881E-4CC6-AEFE-B1BF7B820652}
		{196FEC2C-E895-463C-85F0-6D1D80E67033} = {3A8FC75A-881E-4CC6-AEFE-B1BF7B820652}
		{C4E7B5C6-5DBC-4109-9FC4-1C02A29A400A} = {3A8FC75A-881E-4CC6-AEFE-B1BF7B820652}
		{2664D030-C564-4DD6-8743-7C81ADF72EFA} = {3A8FC75A-881E-4CC6-AEFE-B1BF7B820652}
		{C027C357-EFB2-404B-8898-D21D5EBFB2AB} = {3A8FC75A-881E-4CC6-AEFE-B1BF7B820652}
		{2E1D0C38-043A-49D2-9D9A-95ADA817E9D6} = {3A8FC75A-881E-4CC6-AEFE-B1BF7B820652}
		{AFF7D55D-2354-4357-AFDA-6169DD131525} = {3A8FC75A-881E-4CC6-AEFE-B1BF7B820652}
		{B97F168E-8978-48A4-A9A9-2DC0086F6F40} = {3A8FC75A-881E-4CC6-AEFE-B1BF7B820652}
		{1BF2AEE0-8D73-4363-B483-64A8F6CD6ABE} = {3A8FC75A-881E-4CC6-AEFE-B1BF7B820652}
	EndGlobalSection
EndGlobal
