
Microsoft Visual Studio Solution File, Format Version 12.00
# Visual Studio 2013
VisualStudioVersion = 12.0.31101.0
MinimumVisualStudioVersion = 10.0.40219.1
Project("{FAE04EC0-301F-11D3-BF4B-00C04F79EFBC}") = "ParallelLoop", "ParallelLoop\ParallelLoop.csproj", "{094F70D7-3F93-4450-8CC1-EE2CD0E1F3AC}"
EndProject
Project("{FAE04EC0-301F-11D3-BF4B-00C04F79EFBC}") = "ParallelLoopConsole", "ParallelLoopConsole\ParallelLoopConsole.csproj", "{D1A64FEC-1F30-47F1-ABD4-2AD7AD937ED5}"
EndProject
Global
	GlobalSection(SolutionConfigurationPlatforms) = preSolution
		Debug|Any CPU = Debug|Any CPU
		Release|Any CPU = Release|Any CPU
	EndGlobalSection
	GlobalSection(ProjectConfigurationPlatforms) = postSolution
		{094F70D7-3F93-4450-8CC1-EE2CD0E1F3AC}.Debug|Any CPU.ActiveCfg = Debug|Any CPU
		{094F70D7-3F93-4450-8CC1-EE2CD0E1F3AC}.Debug|Any CPU.Build.0 = Debug|Any CPU
		{094F70D7-3F93-4450-8CC1-EE2CD0E1F3AC}.Release|Any CPU.ActiveCfg = Release|Any CPU
		{094F70D7-3F93-4450-8CC1-EE2CD0E1F3AC}.Release|Any CPU.Build.0 = Release|Any CPU
		{D1A64FEC-1F30-47F1-ABD4-2AD7AD937ED5}.Debug|Any CPU.ActiveCfg = Debug|Any CPU
		{D1A64FEC-1F30-47F1-ABD4-2AD7AD937ED5}.Debug|Any CPU.Build.0 = Debug|Any CPU
		{D1A64FEC-1F30-47F1-ABD4-2AD7AD937ED5}.Release|Any CPU.ActiveCfg = Release|Any CPU
		{D1A64FEC-1F30-47F1-ABD4-2AD7AD937ED5}.Release|Any CPU.Build.0 = Release|Any CPU
	EndGlobalSection
	GlobalSection(SolutionProperties) = preSolution
		HideSolutionNode = FALSE
	EndGlobalSection
EndGlobal
